// !$*UTF8*$!
{
	archiveVersion = 1;
	classes = {
	};
	objectVersion = 56;
	objects = {

/* Begin PBXBuildFile section */
		084E81542CDD186200F46F5A /* LoadingView.swift in Sources */ = {isa = PBXBuildFile; fileRef = 084E81532CDD186200F46F5A /* LoadingView.swift */; };
		084E815A2CDD19B700F46F5A /* GifImageView.swift in Sources */ = {isa = PBXBuildFile; fileRef = 084E81592CDD19B700F46F5A /* GifImageView.swift */; };
		0864020B2CAC254F00291E53 /* ProductCard.swift in Sources */ = {isa = PBXBuildFile; fileRef = 0864020A2CAC254F00291E53 /* ProductCard.swift */; };
		0872A68C2CA309C4009814A5 /* Second_HelpingApp.swift in Sources */ = {isa = PBXBuildFile; fileRef = 0872A68B2CA309C4009814A5 /* Second_HelpingApp.swift */; };
		0872A68E2CA309C4009814A5 /* ContentView.swift in Sources */ = {isa = PBXBuildFile; fileRef = 0872A68D2CA309C4009814A5 /* ContentView.swift */; };
		0872A6902CA309C6009814A5 /* Assets.xcassets in Resources */ = {isa = PBXBuildFile; fileRef = 0872A68F2CA309C6009814A5 /* Assets.xcassets */; };
		0872A6932CA309C6009814A5 /* Preview Assets.xcassets in Resources */ = {isa = PBXBuildFile; fileRef = 0872A6922CA309C6009814A5 /* Preview Assets.xcassets */; };
		0872A69D2CA309C7009814A5 /* Second_HelpingTests.swift in Sources */ = {isa = PBXBuildFile; fileRef = 0872A69C2CA309C7009814A5 /* Second_HelpingTests.swift */; };
		0872A6A72CA309C7009814A5 /* Second_HelpingUITests.swift in Sources */ = {isa = PBXBuildFile; fileRef = 0872A6A62CA309C7009814A5 /* Second_HelpingUITests.swift */; };
		0872A6A92CA309C7009814A5 /* Second_HelpingUITestsLaunchTests.swift in Sources */ = {isa = PBXBuildFile; fileRef = 0872A6A82CA309C7009814A5 /* Second_HelpingUITestsLaunchTests.swift */; };
		0872A6B62CA4B274009814A5 /* CustomerView.swift in Sources */ = {isa = PBXBuildFile; fileRef = 0872A6B52CA4B274009814A5 /* CustomerView.swift */; };
		0872A6B82CA4B281009814A5 /* RestaurantView.swift in Sources */ = {isa = PBXBuildFile; fileRef = 0872A6B72CA4B281009814A5 /* RestaurantView.swift */; };
		0872A6BE2CA4CA64009814A5 /* LocationView.swift in Sources */ = {isa = PBXBuildFile; fileRef = 0872A6BD2CA4CA64009814A5 /* LocationView.swift */; };
		0872A6C02CA4CAB4009814A5 /* SearchView.swift in Sources */ = {isa = PBXBuildFile; fileRef = 0872A6BF2CA4CAB4009814A5 /* SearchView.swift */; };
		0872A6C22CA4CAC7009814A5 /* FavoritesView.swift in Sources */ = {isa = PBXBuildFile; fileRef = 0872A6C12CA4CAC7009814A5 /* FavoritesView.swift */; };
		0872A6C42CA4CAD6009814A5 /* HistoryView.swift in Sources */ = {isa = PBXBuildFile; fileRef = 0872A6C32CA4CAD6009814A5 /* HistoryView.swift */; };
		0872A6CA2CA4CC5A009814A5 /* StatsView.swift in Sources */ = {isa = PBXBuildFile; fileRef = 0872A6C92CA4CC5A009814A5 /* StatsView.swift */; };
		0899B4202CDA787D0076013C /* MealDetailSheet.swift in Sources */ = {isa = PBXBuildFile; fileRef = 0899B41F2CDA787D0076013C /* MealDetailSheet.swift */; };
		08A09B9C2CBE9A4500F8A3C3 /* RestaurantViewModel.swift in Sources */ = {isa = PBXBuildFile; fileRef = 08A09B9B2CBE9A4500F8A3C3 /* RestaurantViewModel.swift */; };
		08A09BA02CBE9CA400F8A3C3 /* Restaurant.swift in Sources */ = {isa = PBXBuildFile; fileRef = 08A09B9F2CBE9CA400F8A3C3 /* Restaurant.swift */; };
		08ACC6DD2CEE98CE00B1B3E8 /* SquigglyDivider.swift in Sources */ = {isa = PBXBuildFile; fileRef = 08ACC6DC2CEE98CE00B1B3E8 /* SquigglyDivider.swift */; };
		08ACC6DF2CEFF44000B1B3E8 /* SeeAllView.swift in Sources */ = {isa = PBXBuildFile; fileRef = 08ACC6DE2CEFF44000B1B3E8 /* SeeAllView.swift */; };
		08EA9D422CC1549F00016C6F /* AuthViewModel.swift in Sources */ = {isa = PBXBuildFile; fileRef = 08EA9D402CC1549E00016C6F /* AuthViewModel.swift */; };
		08FC592C2CE3EBA7000A666A /* loading.gif in Resources */ = {isa = PBXBuildFile; fileRef = 08FC592B2CE3EBA6000A666A /* loading.gif */; };
		08FC59302CE3EC5F000A666A /* IntroView.swift in Sources */ = {isa = PBXBuildFile; fileRef = 08FC592F2CE3EC5F000A666A /* IntroView.swift */; };
		08FC59322CE3EC72000A666A /* intro.gif in Resources */ = {isa = PBXBuildFile; fileRef = 08FC59312CE3EC72000A666A /* intro.gif */; };
		08FC59352CE3F0E6000A666A /* StudyClash.otf in Resources */ = {isa = PBXBuildFile; fileRef = 08FC59342CE3F0E6000A666A /* StudyClash.otf */; };
		5620A8852CD7EDF800798FFF /* ForgotPasswordView.swift in Sources */ = {isa = PBXBuildFile; fileRef = 5620A8842CD7EDEE00798FFF /* ForgotPasswordView.swift */; };
		565307C62CAEE92E00457193 /* AppDelegate.swift in Sources */ = {isa = PBXBuildFile; fileRef = 565307C42CAEE92E00457193 /* AppDelegate.swift */; };
		565307C72CAEE92E00457193 /* GoogleService-Info.plist in Resources */ = {isa = PBXBuildFile; fileRef = 565307C52CAEE92E00457193 /* GoogleService-Info.plist */; };
		56A6004A2CAEE5D3008BE4BC /* FirebaseAnalytics in Frameworks */ = {isa = PBXBuildFile; productRef = 56A600492CAEE5D3008BE4BC /* FirebaseAnalytics */; };
		56A6004C2CAEE5D3008BE4BC /* FirebaseAuth in Frameworks */ = {isa = PBXBuildFile; productRef = 56A6004B2CAEE5D3008BE4BC /* FirebaseAuth */; };
		56A6004E2CAEE5D3008BE4BC /* FirebaseCore in Frameworks */ = {isa = PBXBuildFile; productRef = 56A6004D2CAEE5D3008BE4BC /* FirebaseCore */; };
		56A600502CAEE5D3008BE4BC /* FirebaseDatabase in Frameworks */ = {isa = PBXBuildFile; productRef = 56A6004F2CAEE5D3008BE4BC /* FirebaseDatabase */; };
		56A600522CAEE5D3008BE4BC /* FirebaseFirestore in Frameworks */ = {isa = PBXBuildFile; productRef = 56A600512CAEE5D3008BE4BC /* FirebaseFirestore */; };
		56A600542CAEE5D3008BE4BC /* FirebaseFunctions in Frameworks */ = {isa = PBXBuildFile; productRef = 56A600532CAEE5D3008BE4BC /* FirebaseFunctions */; };
		56A600562CAEE5D3008BE4BC /* FirebaseMessaging in Frameworks */ = {isa = PBXBuildFile; productRef = 56A600552CAEE5D3008BE4BC /* FirebaseMessaging */; };
		56A600582CAEE5D3008BE4BC /* FirebaseStorage in Frameworks */ = {isa = PBXBuildFile; productRef = 56A600572CAEE5D3008BE4BC /* FirebaseStorage */; };
		56F1B4DE2CC1A15D004EA0D8 /* CurrentOfferingsView.swift in Sources */ = {isa = PBXBuildFile; fileRef = 56F1B4DD2CC1A156004EA0D8 /* CurrentOfferingsView.swift */; };
		56F1B4E02CC1A9F9004EA0D8 /* AddMealView.swift in Sources */ = {isa = PBXBuildFile; fileRef = 56F1B4DF2CC1A9F1004EA0D8 /* AddMealView.swift */; };
		DD3B53572CD0307800C84143 /* ActiveOrdersView.swift in Sources */ = {isa = PBXBuildFile; fileRef = DD3B53562CD0307800C84143 /* ActiveOrdersView.swift */; };
		DD59B1822CD68CEA003189F9 /* money_gif.gif in Resources */ = {isa = PBXBuildFile; fileRef = DD59B1802CD68CEA003189F9 /* money_gif.gif */; };
		DD59B1832CD68CEA003189F9 /* meal_saved.gif in Resources */ = {isa = PBXBuildFile; fileRef = DD59B17F2CD68CEA003189F9 /* meal_saved.gif */; };
		DD59B1842CD68CEA003189F9 /* food_saved.gif in Resources */ = {isa = PBXBuildFile; fileRef = DD59B17E2CD68CEA003189F9 /* food_saved.gif */; };
		DD59B1852CD68CEA003189F9 /* CO2.gif in Resources */ = {isa = PBXBuildFile; fileRef = DD59B17D2CD68CEA003189F9 /* CO2.gif */; };
		DD7980642CD043AF0049BDBD /* PastOrdersView.swift in Sources */ = {isa = PBXBuildFile; fileRef = DD7980632CD043AF0049BDBD /* PastOrdersView.swift */; };
		DDFC70662CAF3E78007A506A /* LoginView.swift in Sources */ = {isa = PBXBuildFile; fileRef = DDFC70652CAF3E78007A506A /* LoginView.swift */; };
		DDFC70682CAF3E93007A506A /* RegistrationView.swift in Sources */ = {isa = PBXBuildFile; fileRef = DDFC70672CAF3E93007A506A /* RegistrationView.swift */; };
		DDFC70722CAF5777007A506A /* User.swift in Sources */ = {isa = PBXBuildFile; fileRef = DDFC70702CAF5777007A506A /* User.swift */; };
		DDFC70752CAF577C007A506A /* ProfileView.swift in Sources */ = {isa = PBXBuildFile; fileRef = DDFC70732CAF577C007A506A /* ProfileView.swift */; };
		DDFC70792CAF5780007A506A /* InputView.swift in Sources */ = {isa = PBXBuildFile; fileRef = DDFC70762CAF5780007A506A /* InputView.swift */; };
		DDFC707A2CAF5780007A506A /* SettingsRowView.swift in Sources */ = {isa = PBXBuildFile; fileRef = DDFC70772CAF5780007A506A /* SettingsRowView.swift */; };
		DDFC707E2CAF6048007A506A /* FirebaseAuth in Frameworks */ = {isa = PBXBuildFile; productRef = DDFC707D2CAF6048007A506A /* FirebaseAuth */; };
		DDFC70802CAF6048007A506A /* FirebaseFirestore in Frameworks */ = {isa = PBXBuildFile; productRef = DDFC707F2CAF6048007A506A /* FirebaseFirestore */; };
		FAB951062CF3F15E006618F8 /* LeaveReview.swift in Sources */ = {isa = PBXBuildFile; fileRef = FAB951052CF3F159006618F8 /* LeaveReview.swift */; };
		FABB112F2CF7B3F600C4FE21 /* RestMealDetailView.swift in Sources */ = {isa = PBXBuildFile; fileRef = FABB112E2CF7B3EF00C4FE21 /* RestMealDetailView.swift */; };
/* End PBXBuildFile section */

/* Begin PBXContainerItemProxy section */
		0872A6992CA309C7009814A5 /* PBXContainerItemProxy */ = {
			isa = PBXContainerItemProxy;
			containerPortal = 0872A6802CA309C4009814A5 /* Project object */;
			proxyType = 1;
			remoteGlobalIDString = 0872A6872CA309C4009814A5;
			remoteInfo = "Second-Helping";
		};
		0872A6A32CA309C7009814A5 /* PBXContainerItemProxy */ = {
			isa = PBXContainerItemProxy;
			containerPortal = 0872A6802CA309C4009814A5 /* Project object */;
			proxyType = 1;
			remoteGlobalIDString = 0872A6872CA309C4009814A5;
			remoteInfo = "Second-Helping";
		};
/* End PBXContainerItemProxy section */

/* Begin PBXFileReference section */
		084E81532CDD186200F46F5A /* LoadingView.swift */ = {isa = PBXFileReference; lastKnownFileType = sourcecode.swift; path = LoadingView.swift; sourceTree = "<group>"; };
		084E81592CDD19B700F46F5A /* GifImageView.swift */ = {isa = PBXFileReference; lastKnownFileType = sourcecode.swift; path = GifImageView.swift; sourceTree = "<group>"; };
		0864020A2CAC254F00291E53 /* ProductCard.swift */ = {isa = PBXFileReference; lastKnownFileType = sourcecode.swift; path = ProductCard.swift; sourceTree = "<group>"; };
		0872A6882CA309C4009814A5 /* Second Helping.app */ = {isa = PBXFileReference; explicitFileType = wrapper.application; includeInIndex = 0; path = "Second Helping.app"; sourceTree = BUILT_PRODUCTS_DIR; };
		0872A68B2CA309C4009814A5 /* Second_HelpingApp.swift */ = {isa = PBXFileReference; lastKnownFileType = sourcecode.swift; path = Second_HelpingApp.swift; sourceTree = "<group>"; };
		0872A68D2CA309C4009814A5 /* ContentView.swift */ = {isa = PBXFileReference; lastKnownFileType = sourcecode.swift; path = ContentView.swift; sourceTree = "<group>"; };
		0872A68F2CA309C6009814A5 /* Assets.xcassets */ = {isa = PBXFileReference; lastKnownFileType = folder.assetcatalog; path = Assets.xcassets; sourceTree = "<group>"; };
		0872A6922CA309C6009814A5 /* Preview Assets.xcassets */ = {isa = PBXFileReference; lastKnownFileType = folder.assetcatalog; path = "Preview Assets.xcassets"; sourceTree = "<group>"; };
		0872A6982CA309C7009814A5 /* Second-HelpingTests.xctest */ = {isa = PBXFileReference; explicitFileType = wrapper.cfbundle; includeInIndex = 0; path = "Second-HelpingTests.xctest"; sourceTree = BUILT_PRODUCTS_DIR; };
		0872A69C2CA309C7009814A5 /* Second_HelpingTests.swift */ = {isa = PBXFileReference; lastKnownFileType = sourcecode.swift; path = Second_HelpingTests.swift; sourceTree = "<group>"; };
		0872A6A22CA309C7009814A5 /* Second-HelpingUITests.xctest */ = {isa = PBXFileReference; explicitFileType = wrapper.cfbundle; includeInIndex = 0; path = "Second-HelpingUITests.xctest"; sourceTree = BUILT_PRODUCTS_DIR; };
		0872A6A62CA309C7009814A5 /* Second_HelpingUITests.swift */ = {isa = PBXFileReference; lastKnownFileType = sourcecode.swift; path = Second_HelpingUITests.swift; sourceTree = "<group>"; };
		0872A6A82CA309C7009814A5 /* Second_HelpingUITestsLaunchTests.swift */ = {isa = PBXFileReference; lastKnownFileType = sourcecode.swift; path = Second_HelpingUITestsLaunchTests.swift; sourceTree = "<group>"; };
		0872A6B52CA4B274009814A5 /* CustomerView.swift */ = {isa = PBXFileReference; lastKnownFileType = sourcecode.swift; path = CustomerView.swift; sourceTree = "<group>"; };
		0872A6B72CA4B281009814A5 /* RestaurantView.swift */ = {isa = PBXFileReference; lastKnownFileType = sourcecode.swift; path = RestaurantView.swift; sourceTree = "<group>"; };
		0872A6BD2CA4CA64009814A5 /* LocationView.swift */ = {isa = PBXFileReference; lastKnownFileType = sourcecode.swift; path = LocationView.swift; sourceTree = "<group>"; };
		0872A6BF2CA4CAB4009814A5 /* SearchView.swift */ = {isa = PBXFileReference; lastKnownFileType = sourcecode.swift; path = SearchView.swift; sourceTree = "<group>"; };
		0872A6C12CA4CAC7009814A5 /* FavoritesView.swift */ = {isa = PBXFileReference; lastKnownFileType = sourcecode.swift; path = FavoritesView.swift; sourceTree = "<group>"; };
		0872A6C32CA4CAD6009814A5 /* HistoryView.swift */ = {isa = PBXFileReference; lastKnownFileType = sourcecode.swift; path = HistoryView.swift; sourceTree = "<group>"; };
		0872A6C92CA4CC5A009814A5 /* StatsView.swift */ = {isa = PBXFileReference; lastKnownFileType = sourcecode.swift; path = StatsView.swift; sourceTree = "<group>"; };
		0899B41F2CDA787D0076013C /* MealDetailSheet.swift */ = {isa = PBXFileReference; lastKnownFileType = sourcecode.swift; path = MealDetailSheet.swift; sourceTree = "<group>"; };
		08A09B9B2CBE9A4500F8A3C3 /* RestaurantViewModel.swift */ = {isa = PBXFileReference; lastKnownFileType = sourcecode.swift; path = RestaurantViewModel.swift; sourceTree = "<group>"; };
		08A09B9F2CBE9CA400F8A3C3 /* Restaurant.swift */ = {isa = PBXFileReference; lastKnownFileType = sourcecode.swift; path = Restaurant.swift; sourceTree = "<group>"; };
		08ACC6DC2CEE98CE00B1B3E8 /* SquigglyDivider.swift */ = {isa = PBXFileReference; lastKnownFileType = sourcecode.swift; path = SquigglyDivider.swift; sourceTree = "<group>"; };
		08ACC6DE2CEFF44000B1B3E8 /* SeeAllView.swift */ = {isa = PBXFileReference; lastKnownFileType = sourcecode.swift; path = SeeAllView.swift; sourceTree = "<group>"; };
		08EA9D402CC1549E00016C6F /* AuthViewModel.swift */ = {isa = PBXFileReference; fileEncoding = 4; lastKnownFileType = sourcecode.swift; path = AuthViewModel.swift; sourceTree = "<group>"; };
		08FC592B2CE3EBA6000A666A /* loading.gif */ = {isa = PBXFileReference; lastKnownFileType = image.gif; path = loading.gif; sourceTree = "<group>"; };
		08FC592F2CE3EC5F000A666A /* IntroView.swift */ = {isa = PBXFileReference; lastKnownFileType = sourcecode.swift; path = IntroView.swift; sourceTree = "<group>"; };
		08FC59312CE3EC72000A666A /* intro.gif */ = {isa = PBXFileReference; lastKnownFileType = image.gif; path = intro.gif; sourceTree = "<group>"; };
		08FC59342CE3F0E6000A666A /* StudyClash.otf */ = {isa = PBXFileReference; lastKnownFileType = file; path = StudyClash.otf; sourceTree = "<group>"; };
		08FC59362CE3F155000A666A /* Info.plist */ = {isa = PBXFileReference; lastKnownFileType = text.plist; path = Info.plist; sourceTree = "<group>"; };
		5620A8842CD7EDEE00798FFF /* ForgotPasswordView.swift */ = {isa = PBXFileReference; lastKnownFileType = sourcecode.swift; path = ForgotPasswordView.swift; sourceTree = "<group>"; };
		565307C42CAEE92E00457193 /* AppDelegate.swift */ = {isa = PBXFileReference; lastKnownFileType = sourcecode.swift; path = AppDelegate.swift; sourceTree = "<group>"; };
		565307C52CAEE92E00457193 /* GoogleService-Info.plist */ = {isa = PBXFileReference; lastKnownFileType = text.plist.xml; path = "GoogleService-Info.plist"; sourceTree = "<group>"; };
		56F1B4DD2CC1A156004EA0D8 /* CurrentOfferingsView.swift */ = {isa = PBXFileReference; lastKnownFileType = sourcecode.swift; path = CurrentOfferingsView.swift; sourceTree = "<group>"; };
		56F1B4DF2CC1A9F1004EA0D8 /* AddMealView.swift */ = {isa = PBXFileReference; lastKnownFileType = sourcecode.swift; path = AddMealView.swift; sourceTree = "<group>"; };
		DD3B53562CD0307800C84143 /* ActiveOrdersView.swift */ = {isa = PBXFileReference; lastKnownFileType = sourcecode.swift; path = ActiveOrdersView.swift; sourceTree = "<group>"; };
		DD59B17D2CD68CEA003189F9 /* CO2.gif */ = {isa = PBXFileReference; lastKnownFileType = image.gif; path = CO2.gif; sourceTree = "<group>"; };
		DD59B17E2CD68CEA003189F9 /* food_saved.gif */ = {isa = PBXFileReference; lastKnownFileType = image.gif; path = food_saved.gif; sourceTree = "<group>"; };
		DD59B17F2CD68CEA003189F9 /* meal_saved.gif */ = {isa = PBXFileReference; lastKnownFileType = image.gif; path = meal_saved.gif; sourceTree = "<group>"; };
		DD59B1802CD68CEA003189F9 /* money_gif.gif */ = {isa = PBXFileReference; lastKnownFileType = image.gif; path = money_gif.gif; sourceTree = "<group>"; };
		DD7980632CD043AF0049BDBD /* PastOrdersView.swift */ = {isa = PBXFileReference; lastKnownFileType = sourcecode.swift; path = PastOrdersView.swift; sourceTree = "<group>"; };
		DDFC70652CAF3E78007A506A /* LoginView.swift */ = {isa = PBXFileReference; lastKnownFileType = sourcecode.swift; path = LoginView.swift; sourceTree = "<group>"; };
		DDFC70672CAF3E93007A506A /* RegistrationView.swift */ = {isa = PBXFileReference; lastKnownFileType = sourcecode.swift; path = RegistrationView.swift; sourceTree = "<group>"; };
		DDFC70702CAF5777007A506A /* User.swift */ = {isa = PBXFileReference; lastKnownFileType = sourcecode.swift; path = User.swift; sourceTree = "<group>"; };
		DDFC70732CAF577C007A506A /* ProfileView.swift */ = {isa = PBXFileReference; lastKnownFileType = sourcecode.swift; path = ProfileView.swift; sourceTree = "<group>"; };
		DDFC70762CAF5780007A506A /* InputView.swift */ = {isa = PBXFileReference; lastKnownFileType = sourcecode.swift; path = InputView.swift; sourceTree = "<group>"; };
		DDFC70772CAF5780007A506A /* SettingsRowView.swift */ = {isa = PBXFileReference; lastKnownFileType = sourcecode.swift; path = SettingsRowView.swift; sourceTree = "<group>"; };
		FAB951052CF3F159006618F8 /* LeaveReview.swift */ = {isa = PBXFileReference; lastKnownFileType = sourcecode.swift; path = LeaveReview.swift; sourceTree = "<group>"; };
		FABB112E2CF7B3EF00C4FE21 /* RestMealDetailView.swift */ = {isa = PBXFileReference; lastKnownFileType = sourcecode.swift; path = RestMealDetailView.swift; sourceTree = "<group>"; };
/* End PBXFileReference section */

/* Begin PBXFrameworksBuildPhase section */
		0872A6852CA309C4009814A5 /* Frameworks */ = {
			isa = PBXFrameworksBuildPhase;
			buildActionMask = 2147483647;
			files = (
				56A6004A2CAEE5D3008BE4BC /* FirebaseAnalytics in Frameworks */,
				56A6004E2CAEE5D3008BE4BC /* FirebaseCore in Frameworks */,
				56A600562CAEE5D3008BE4BC /* FirebaseMessaging in Frameworks */,
				DDFC70802CAF6048007A506A /* FirebaseFirestore in Frameworks */,
				56A600502CAEE5D3008BE4BC /* FirebaseDatabase in Frameworks */,
				DDFC707E2CAF6048007A506A /* FirebaseAuth in Frameworks */,
				56A600542CAEE5D3008BE4BC /* FirebaseFunctions in Frameworks */,
				56A600582CAEE5D3008BE4BC /* FirebaseStorage in Frameworks */,
				56A600522CAEE5D3008BE4BC /* FirebaseFirestore in Frameworks */,
				56A6004C2CAEE5D3008BE4BC /* FirebaseAuth in Frameworks */,
			);
			runOnlyForDeploymentPostprocessing = 0;
		};
		0872A6952CA309C7009814A5 /* Frameworks */ = {
			isa = PBXFrameworksBuildPhase;
			buildActionMask = 2147483647;
			files = (
			);
			runOnlyForDeploymentPostprocessing = 0;
		};
		0872A69F2CA309C7009814A5 /* Frameworks */ = {
			isa = PBXFrameworksBuildPhase;
			buildActionMask = 2147483647;
			files = (
			);
			runOnlyForDeploymentPostprocessing = 0;
		};
/* End PBXFrameworksBuildPhase section */

/* Begin PBXGroup section */
		084E81552CDD18FC00F46F5A /* Loading */ = {
			isa = PBXGroup;
			children = (
				084E81562CDD191300F46F5A /* gifs */,
				084E81532CDD186200F46F5A /* LoadingView.swift */,
			);
			path = Loading;
			sourceTree = "<group>";
		};
		084E81562CDD191300F46F5A /* gifs */ = {
			isa = PBXGroup;
			children = (
				08FC592B2CE3EBA6000A666A /* loading.gif */,
			);
			path = gifs;
			sourceTree = "<group>";
		};
		0872A67F2CA309C4009814A5 = {
			isa = PBXGroup;
			children = (
				0872A68A2CA309C4009814A5 /* Second-Helping */,
				0872A69B2CA309C7009814A5 /* Second-HelpingTests */,
				0872A6A52CA309C7009814A5 /* Second-HelpingUITests */,
				0872A6892CA309C4009814A5 /* Products */,
			);
			sourceTree = "<group>";
		};
		0872A6892CA309C4009814A5 /* Products */ = {
			isa = PBXGroup;
			children = (
				0872A6882CA309C4009814A5 /* Second Helping.app */,
				0872A6982CA309C7009814A5 /* Second-HelpingTests.xctest */,
				0872A6A22CA309C7009814A5 /* Second-HelpingUITests.xctest */,
			);
			name = Products;
			sourceTree = "<group>";
		};
		0872A68A2CA309C4009814A5 /* Second-Helping */ = {
			isa = PBXGroup;
			children = (
				08FC59362CE3F155000A666A /* Info.plist */,
				08FC59332CE3F0CC000A666A /* fonts */,
				08FC592D2CE3EC36000A666A /* Intro */,
				DDFC706F2CAF574D007A506A /* App */,
				DDFC70642CAF3E66007A506A /* Authentication */,
				DDFC70782CAF5780007A506A /* Components */,
				DDFC70742CAF577C007A506A /* Profile */,
				DDFC70712CAF5777007A506A /* Model */,
				565307C42CAEE92E00457193 /* AppDelegate.swift */,
				565307C52CAEE92E00457193 /* GoogleService-Info.plist */,
				0872A68D2CA309C4009814A5 /* ContentView.swift */,
				0872A6C72CA4CAF3009814A5 /* CustomerViews */,
				0872A6C82CA4CB50009814A5 /* RestaurantViews */,
				0872A68F2CA309C6009814A5 /* Assets.xcassets */,
				0872A6912CA309C6009814A5 /* Preview Content */,
				08A09B9B2CBE9A4500F8A3C3 /* RestaurantViewModel.swift */,
				08A09B9F2CBE9CA400F8A3C3 /* Restaurant.swift */,
				084E81552CDD18FC00F46F5A /* Loading */,
				084E81592CDD19B700F46F5A /* GifImageView.swift */,
				08ACC6DC2CEE98CE00B1B3E8 /* SquigglyDivider.swift */,
				08ACC6DE2CEFF44000B1B3E8 /* SeeAllView.swift */,
			);
			path = "Second-Helping";
			sourceTree = "<group>";
		};
		0872A6912CA309C6009814A5 /* Preview Content */ = {
			isa = PBXGroup;
			children = (
				0872A6922CA309C6009814A5 /* Preview Assets.xcassets */,
			);
			path = "Preview Content";
			sourceTree = "<group>";
		};
		0872A69B2CA309C7009814A5 /* Second-HelpingTests */ = {
			isa = PBXGroup;
			children = (
				0872A69C2CA309C7009814A5 /* Second_HelpingTests.swift */,
			);
			path = "Second-HelpingTests";
			sourceTree = "<group>";
		};
		0872A6A52CA309C7009814A5 /* Second-HelpingUITests */ = {
			isa = PBXGroup;
			children = (
				0872A6A62CA309C7009814A5 /* Second_HelpingUITests.swift */,
				0872A6A82CA309C7009814A5 /* Second_HelpingUITestsLaunchTests.swift */,
			);
			path = "Second-HelpingUITests";
			sourceTree = "<group>";
		};
		0872A6C72CA4CAF3009814A5 /* CustomerViews */ = {
			isa = PBXGroup;
			children = (
				FAB951052CF3F159006618F8 /* LeaveReview.swift */,
				DD59B1812CD68CEA003189F9 /* gifs */,
				0872A6B52CA4B274009814A5 /* CustomerView.swift */,
				0872A6BF2CA4CAB4009814A5 /* SearchView.swift */,
				0872A6C12CA4CAC7009814A5 /* FavoritesView.swift */,
				0872A6BD2CA4CA64009814A5 /* LocationView.swift */,
				0872A6C32CA4CAD6009814A5 /* HistoryView.swift */,
				0872A6C92CA4CC5A009814A5 /* StatsView.swift */,
				0864020A2CAC254F00291E53 /* ProductCard.swift */,
				0899B41F2CDA787D0076013C /* MealDetailSheet.swift */,
			);
			path = CustomerViews;
			sourceTree = "<group>";
		};
		0872A6C82CA4CB50009814A5 /* RestaurantViews */ = {
			isa = PBXGroup;
			children = (
				FABB112E2CF7B3EF00C4FE21 /* RestMealDetailView.swift */,
				56F1B4DF2CC1A9F1004EA0D8 /* AddMealView.swift */,
				56F1B4DD2CC1A156004EA0D8 /* CurrentOfferingsView.swift */,
				0872A6B72CA4B281009814A5 /* RestaurantView.swift */,
				DD3B53562CD0307800C84143 /* ActiveOrdersView.swift */,
				DD7980632CD043AF0049BDBD /* PastOrdersView.swift */,
			);
			path = RestaurantViews;
			sourceTree = "<group>";
		};
		08EA9D412CC1549E00016C6F /* ViewModel */ = {
			isa = PBXGroup;
			children = (
				08EA9D402CC1549E00016C6F /* AuthViewModel.swift */,
			);
			path = ViewModel;
			sourceTree = "<group>";
		};
		08FC592D2CE3EC36000A666A /* Intro */ = {
			isa = PBXGroup;
			children = (
				08FC592E2CE3EC47000A666A /* gifs */,
				08FC592F2CE3EC5F000A666A /* IntroView.swift */,
			);
			path = Intro;
			sourceTree = "<group>";
		};
		08FC592E2CE3EC47000A666A /* gifs */ = {
			isa = PBXGroup;
			children = (
				08FC59312CE3EC72000A666A /* intro.gif */,
			);
			path = gifs;
			sourceTree = "<group>";
		};
		08FC59332CE3F0CC000A666A /* fonts */ = {
			isa = PBXGroup;
			children = (
				08FC59342CE3F0E6000A666A /* StudyClash.otf */,
			);
			path = fonts;
			sourceTree = "<group>";
		};
		DD59B1812CD68CEA003189F9 /* gifs */ = {
			isa = PBXGroup;
			children = (
				DD59B17D2CD68CEA003189F9 /* CO2.gif */,
				DD59B17E2CD68CEA003189F9 /* food_saved.gif */,
				DD59B17F2CD68CEA003189F9 /* meal_saved.gif */,
				DD59B1802CD68CEA003189F9 /* money_gif.gif */,
			);
			path = gifs;
			sourceTree = "<group>";
		};
		DDFC70642CAF3E66007A506A /* Authentication */ = {
			isa = PBXGroup;
			children = (
				08EA9D412CC1549E00016C6F /* ViewModel */,
				DDFC70692CAF3EC7007A506A /* View */,
			);
			path = Authentication;
			sourceTree = "<group>";
		};
		DDFC70692CAF3EC7007A506A /* View */ = {
			isa = PBXGroup;
			children = (
				5620A8842CD7EDEE00798FFF /* ForgotPasswordView.swift */,
				DDFC70652CAF3E78007A506A /* LoginView.swift */,
				DDFC70672CAF3E93007A506A /* RegistrationView.swift */,
			);
			path = View;
			sourceTree = "<group>";
		};
		DDFC706F2CAF574D007A506A /* App */ = {
			isa = PBXGroup;
			children = (
				0872A68B2CA309C4009814A5 /* Second_HelpingApp.swift */,
			);
			path = App;
			sourceTree = "<group>";
		};
		DDFC70712CAF5777007A506A /* Model */ = {
			isa = PBXGroup;
			children = (
				DDFC70702CAF5777007A506A /* User.swift */,
			);
			path = Model;
			sourceTree = "<group>";
		};
		DDFC70742CAF577C007A506A /* Profile */ = {
			isa = PBXGroup;
			children = (
				DDFC70732CAF577C007A506A /* ProfileView.swift */,
			);
			path = Profile;
			sourceTree = "<group>";
		};
		DDFC70782CAF5780007A506A /* Components */ = {
			isa = PBXGroup;
			children = (
				DDFC70762CAF5780007A506A /* InputView.swift */,
				DDFC70772CAF5780007A506A /* SettingsRowView.swift */,
			);
			path = Components;
			sourceTree = "<group>";
		};
/* End PBXGroup section */

/* Begin PBXNativeTarget section */
		0872A6872CA309C4009814A5 /* Second-Helping */ = {
			isa = PBXNativeTarget;
			buildConfigurationList = 0872A6AC2CA309C7009814A5 /* Build configuration list for PBXNativeTarget "Second-Helping" */;
			buildPhases = (
				0872A6842CA309C4009814A5 /* Sources */,
				0872A6852CA309C4009814A5 /* Frameworks */,
				0872A6862CA309C4009814A5 /* Resources */,
			);
			buildRules = (
			);
			dependencies = (
			);
			name = "Second-Helping";
			productName = "Second-Helping";
			productReference = 0872A6882CA309C4009814A5 /* Second Helping.app */;
			productType = "com.apple.product-type.application";
		};
		0872A6972CA309C7009814A5 /* Second-HelpingTests */ = {
			isa = PBXNativeTarget;
			buildConfigurationList = 0872A6AF2CA309C7009814A5 /* Build configuration list for PBXNativeTarget "Second-HelpingTests" */;
			buildPhases = (
				0872A6942CA309C7009814A5 /* Sources */,
				0872A6952CA309C7009814A5 /* Frameworks */,
				0872A6962CA309C7009814A5 /* Resources */,
			);
			buildRules = (
			);
			dependencies = (
				0872A69A2CA309C7009814A5 /* PBXTargetDependency */,
			);
			name = "Second-HelpingTests";
			productName = "Second-HelpingTests";
			productReference = 0872A6982CA309C7009814A5 /* Second-HelpingTests.xctest */;
			productType = "com.apple.product-type.bundle.unit-test";
		};
		0872A6A12CA309C7009814A5 /* Second-HelpingUITests */ = {
			isa = PBXNativeTarget;
			buildConfigurationList = 0872A6B22CA309C7009814A5 /* Build configuration list for PBXNativeTarget "Second-HelpingUITests" */;
			buildPhases = (
				0872A69E2CA309C7009814A5 /* Sources */,
				0872A69F2CA309C7009814A5 /* Frameworks */,
				0872A6A02CA309C7009814A5 /* Resources */,
			);
			buildRules = (
			);
			dependencies = (
				0872A6A42CA309C7009814A5 /* PBXTargetDependency */,
			);
			name = "Second-HelpingUITests";
			productName = "Second-HelpingUITests";
			productReference = 0872A6A22CA309C7009814A5 /* Second-HelpingUITests.xctest */;
			productType = "com.apple.product-type.bundle.ui-testing";
		};
/* End PBXNativeTarget section */

/* Begin PBXProject section */
		0872A6802CA309C4009814A5 /* Project object */ = {
			isa = PBXProject;
			attributes = {
				BuildIndependentTargetsInParallel = 1;
				LastSwiftUpdateCheck = 1540;
				LastUpgradeCheck = 1600;
				TargetAttributes = {
					0872A6872CA309C4009814A5 = {
						CreatedOnToolsVersion = 15.4;
					};
					0872A6972CA309C7009814A5 = {
						CreatedOnToolsVersion = 15.4;
						TestTargetID = 0872A6872CA309C4009814A5;
					};
					0872A6A12CA309C7009814A5 = {
						CreatedOnToolsVersion = 15.4;
						TestTargetID = 0872A6872CA309C4009814A5;
					};
				};
			};
			buildConfigurationList = 0872A6832CA309C4009814A5 /* Build configuration list for PBXProject "Second-Helping" */;
			compatibilityVersion = "Xcode 14.0";
			developmentRegion = en;
			hasScannedForEncodings = 0;
			knownRegions = (
				en,
				Base,
			);
			mainGroup = 0872A67F2CA309C4009814A5;
			packageReferences = (
				56A600482CAEE5D3008BE4BC /* XCRemoteSwiftPackageReference "firebase-ios-sdk" */,
			);
			productRefGroup = 0872A6892CA309C4009814A5 /* Products */;
			projectDirPath = "";
			projectRoot = "";
			targets = (
				0872A6872CA309C4009814A5 /* Second-Helping */,
				0872A6972CA309C7009814A5 /* Second-HelpingTests */,
				0872A6A12CA309C7009814A5 /* Second-HelpingUITests */,
			);
		};
/* End PBXProject section */

/* Begin PBXResourcesBuildPhase section */
		0872A6862CA309C4009814A5 /* Resources */ = {
			isa = PBXResourcesBuildPhase;
			buildActionMask = 2147483647;
			files = (
				DD59B1822CD68CEA003189F9 /* money_gif.gif in Resources */,
				DD59B1832CD68CEA003189F9 /* meal_saved.gif in Resources */,
				08FC59322CE3EC72000A666A /* intro.gif in Resources */,
				08FC592C2CE3EBA7000A666A /* loading.gif in Resources */,
				08FC59352CE3F0E6000A666A /* StudyClash.otf in Resources */,
				DD59B1842CD68CEA003189F9 /* food_saved.gif in Resources */,
				DD59B1852CD68CEA003189F9 /* CO2.gif in Resources */,
				0872A6932CA309C6009814A5 /* Preview Assets.xcassets in Resources */,
				0872A6902CA309C6009814A5 /* Assets.xcassets in Resources */,
				565307C72CAEE92E00457193 /* GoogleService-Info.plist in Resources */,
			);
			runOnlyForDeploymentPostprocessing = 0;
		};
		0872A6962CA309C7009814A5 /* Resources */ = {
			isa = PBXResourcesBuildPhase;
			buildActionMask = 2147483647;
			files = (
			);
			runOnlyForDeploymentPostprocessing = 0;
		};
		0872A6A02CA309C7009814A5 /* Resources */ = {
			isa = PBXResourcesBuildPhase;
			buildActionMask = 2147483647;
			files = (
			);
			runOnlyForDeploymentPostprocessing = 0;
		};
/* End PBXResourcesBuildPhase section */

/* Begin PBXSourcesBuildPhase section */
		0872A6842CA309C4009814A5 /* Sources */ = {
			isa = PBXSourcesBuildPhase;
			buildActionMask = 2147483647;
			files = (
				08A09BA02CBE9CA400F8A3C3 /* Restaurant.swift in Sources */,
				565307C62CAEE92E00457193 /* AppDelegate.swift in Sources */,
				0864020B2CAC254F00291E53 /* ProductCard.swift in Sources */,
				0872A68E2CA309C4009814A5 /* ContentView.swift in Sources */,
				0872A68C2CA309C4009814A5 /* Second_HelpingApp.swift in Sources */,
				0899B4202CDA787D0076013C /* MealDetailSheet.swift in Sources */,
				DDFC70682CAF3E93007A506A /* RegistrationView.swift in Sources */,
				0872A6B62CA4B274009814A5 /* CustomerView.swift in Sources */,
				084E81542CDD186200F46F5A /* LoadingView.swift in Sources */,
				0872A6C02CA4CAB4009814A5 /* SearchView.swift in Sources */,
				FABB112F2CF7B3F600C4FE21 /* RestMealDetailView.swift in Sources */,
				56F1B4E02CC1A9F9004EA0D8 /* AddMealView.swift in Sources */,
				0872A6C22CA4CAC7009814A5 /* FavoritesView.swift in Sources */,
				08ACC6DD2CEE98CE00B1B3E8 /* SquigglyDivider.swift in Sources */,
				56F1B4DE2CC1A15D004EA0D8 /* CurrentOfferingsView.swift in Sources */,
				DDFC70752CAF577C007A506A /* ProfileView.swift in Sources */,
				DDFC70792CAF5780007A506A /* InputView.swift in Sources */,
				DDFC707A2CAF5780007A506A /* SettingsRowView.swift in Sources */,
				08A09B9C2CBE9A4500F8A3C3 /* RestaurantViewModel.swift in Sources */,
				FAB951062CF3F15E006618F8 /* LeaveReview.swift in Sources */,
				0872A6CA2CA4CC5A009814A5 /* StatsView.swift in Sources */,
				0872A6BE2CA4CA64009814A5 /* LocationView.swift in Sources */,
				DDFC70722CAF5777007A506A /* User.swift in Sources */,
				5620A8852CD7EDF800798FFF /* ForgotPasswordView.swift in Sources */,
				08ACC6DF2CEFF44000B1B3E8 /* SeeAllView.swift in Sources */,
				DD7980642CD043AF0049BDBD /* PastOrdersView.swift in Sources */,
				08EA9D422CC1549F00016C6F /* AuthViewModel.swift in Sources */,
				08FC59302CE3EC5F000A666A /* IntroView.swift in Sources */,
				0872A6C42CA4CAD6009814A5 /* HistoryView.swift in Sources */,
				DD3B53572CD0307800C84143 /* ActiveOrdersView.swift in Sources */,
				084E815A2CDD19B700F46F5A /* GifImageView.swift in Sources */,
				DDFC70662CAF3E78007A506A /* LoginView.swift in Sources */,
				0872A6B82CA4B281009814A5 /* RestaurantView.swift in Sources */,
			);
			runOnlyForDeploymentPostprocessing = 0;
		};
		0872A6942CA309C7009814A5 /* Sources */ = {
			isa = PBXSourcesBuildPhase;
			buildActionMask = 2147483647;
			files = (
				0872A69D2CA309C7009814A5 /* Second_HelpingTests.swift in Sources */,
			);
			runOnlyForDeploymentPostprocessing = 0;
		};
		0872A69E2CA309C7009814A5 /* Sources */ = {
			isa = PBXSourcesBuildPhase;
			buildActionMask = 2147483647;
			files = (
				0872A6A92CA309C7009814A5 /* Second_HelpingUITestsLaunchTests.swift in Sources */,
				0872A6A72CA309C7009814A5 /* Second_HelpingUITests.swift in Sources */,
			);
			runOnlyForDeploymentPostprocessing = 0;
		};
/* End PBXSourcesBuildPhase section */

/* Begin PBXTargetDependency section */
		0872A69A2CA309C7009814A5 /* PBXTargetDependency */ = {
			isa = PBXTargetDependency;
			target = 0872A6872CA309C4009814A5 /* Second-Helping */;
			targetProxy = 0872A6992CA309C7009814A5 /* PBXContainerItemProxy */;
		};
		0872A6A42CA309C7009814A5 /* PBXTargetDependency */ = {
			isa = PBXTargetDependency;
			target = 0872A6872CA309C4009814A5 /* Second-Helping */;
			targetProxy = 0872A6A32CA309C7009814A5 /* PBXContainerItemProxy */;
		};
/* End PBXTargetDependency section */

/* Begin XCBuildConfiguration section */
		0872A6AA2CA309C7009814A5 /* Debug */ = {
			isa = XCBuildConfiguration;
			buildSettings = {
				ALWAYS_SEARCH_USER_PATHS = NO;
				ASSETCATALOG_COMPILER_GENERATE_SWIFT_ASSET_SYMBOL_EXTENSIONS = YES;
				CLANG_ANALYZER_NONNULL = YES;
				CLANG_ANALYZER_NUMBER_OBJECT_CONVERSION = YES_AGGRESSIVE;
				CLANG_CXX_LANGUAGE_STANDARD = "gnu++20";
				CLANG_ENABLE_MODULES = YES;
				CLANG_ENABLE_OBJC_ARC = YES;
				CLANG_ENABLE_OBJC_WEAK = YES;
				CLANG_WARN_BLOCK_CAPTURE_AUTORELEASING = YES;
				CLANG_WARN_BOOL_CONVERSION = YES;
				CLANG_WARN_COMMA = YES;
				CLANG_WARN_CONSTANT_CONVERSION = YES;
				CLANG_WARN_DEPRECATED_OBJC_IMPLEMENTATIONS = YES;
				CLANG_WARN_DIRECT_OBJC_ISA_USAGE = YES_ERROR;
				CLANG_WARN_DOCUMENTATION_COMMENTS = YES;
				CLANG_WARN_EMPTY_BODY = YES;
				CLANG_WARN_ENUM_CONVERSION = YES;
				CLANG_WARN_INFINITE_RECURSION = YES;
				CLANG_WARN_INT_CONVERSION = YES;
				CLANG_WARN_NON_LITERAL_NULL_CONVERSION = YES;
				CLANG_WARN_OBJC_IMPLICIT_RETAIN_SELF = YES;
				CLANG_WARN_OBJC_LITERAL_CONVERSION = YES;
				CLANG_WARN_OBJC_ROOT_CLASS = YES_ERROR;
				CLANG_WARN_QUOTED_INCLUDE_IN_FRAMEWORK_HEADER = YES;
				CLANG_WARN_RANGE_LOOP_ANALYSIS = YES;
				CLANG_WARN_STRICT_PROTOTYPES = YES;
				CLANG_WARN_SUSPICIOUS_MOVE = YES;
				CLANG_WARN_UNGUARDED_AVAILABILITY = YES_AGGRESSIVE;
				CLANG_WARN_UNREACHABLE_CODE = YES;
				CLANG_WARN__DUPLICATE_METHOD_MATCH = YES;
				COPY_PHASE_STRIP = NO;
				DEBUG_INFORMATION_FORMAT = dwarf;
				ENABLE_STRICT_OBJC_MSGSEND = YES;
				ENABLE_TESTABILITY = YES;
				ENABLE_USER_SCRIPT_SANDBOXING = YES;
				GCC_C_LANGUAGE_STANDARD = gnu17;
				GCC_DYNAMIC_NO_PIC = NO;
				GCC_NO_COMMON_BLOCKS = YES;
				GCC_OPTIMIZATION_LEVEL = 0;
				GCC_PREPROCESSOR_DEFINITIONS = (
					"DEBUG=1",
					"$(inherited)",
				);
				GCC_WARN_64_TO_32_BIT_CONVERSION = YES;
				GCC_WARN_ABOUT_RETURN_TYPE = YES_ERROR;
				GCC_WARN_UNDECLARED_SELECTOR = YES;
				GCC_WARN_UNINITIALIZED_AUTOS = YES_AGGRESSIVE;
				GCC_WARN_UNUSED_FUNCTION = YES;
				GCC_WARN_UNUSED_VARIABLE = YES;
				IPHONEOS_DEPLOYMENT_TARGET = 17.5;
				LOCALIZATION_PREFERS_STRING_CATALOGS = YES;
				MTL_ENABLE_DEBUG_INFO = INCLUDE_SOURCE;
				MTL_FAST_MATH = YES;
				ONLY_ACTIVE_ARCH = YES;
				SDKROOT = iphoneos;
				SWIFT_ACTIVE_COMPILATION_CONDITIONS = "DEBUG $(inherited)";
				SWIFT_OPTIMIZATION_LEVEL = "-Onone";
			};
			name = Debug;
		};
		0872A6AB2CA309C7009814A5 /* Release */ = {
			isa = XCBuildConfiguration;
			buildSettings = {
				ALWAYS_SEARCH_USER_PATHS = NO;
				ASSETCATALOG_COMPILER_GENERATE_SWIFT_ASSET_SYMBOL_EXTENSIONS = YES;
				CLANG_ANALYZER_NONNULL = YES;
				CLANG_ANALYZER_NUMBER_OBJECT_CONVERSION = YES_AGGRESSIVE;
				CLANG_CXX_LANGUAGE_STANDARD = "gnu++20";
				CLANG_ENABLE_MODULES = YES;
				CLANG_ENABLE_OBJC_ARC = YES;
				CLANG_ENABLE_OBJC_WEAK = YES;
				CLANG_WARN_BLOCK_CAPTURE_AUTORELEASING = YES;
				CLANG_WARN_BOOL_CONVERSION = YES;
				CLANG_WARN_COMMA = YES;
				CLANG_WARN_CONSTANT_CONVERSION = YES;
				CLANG_WARN_DEPRECATED_OBJC_IMPLEMENTATIONS = YES;
				CLANG_WARN_DIRECT_OBJC_ISA_USAGE = YES_ERROR;
				CLANG_WARN_DOCUMENTATION_COMMENTS = YES;
				CLANG_WARN_EMPTY_BODY = YES;
				CLANG_WARN_ENUM_CONVERSION = YES;
				CLANG_WARN_INFINITE_RECURSION = YES;
				CLANG_WARN_INT_CONVERSION = YES;
				CLANG_WARN_NON_LITERAL_NULL_CONVERSION = YES;
				CLANG_WARN_OBJC_IMPLICIT_RETAIN_SELF = YES;
				CLANG_WARN_OBJC_LITERAL_CONVERSION = YES;
				CLANG_WARN_OBJC_ROOT_CLASS = YES_ERROR;
				CLANG_WARN_QUOTED_INCLUDE_IN_FRAMEWORK_HEADER = YES;
				CLANG_WARN_RANGE_LOOP_ANALYSIS = YES;
				CLANG_WARN_STRICT_PROTOTYPES = YES;
				CLANG_WARN_SUSPICIOUS_MOVE = YES;
				CLANG_WARN_UNGUARDED_AVAILABILITY = YES_AGGRESSIVE;
				CLANG_WARN_UNREACHABLE_CODE = YES;
				CLANG_WARN__DUPLICATE_METHOD_MATCH = YES;
				COPY_PHASE_STRIP = NO;
				DEBUG_INFORMATION_FORMAT = "dwarf-with-dsym";
				ENABLE_NS_ASSERTIONS = NO;
				ENABLE_STRICT_OBJC_MSGSEND = YES;
				ENABLE_USER_SCRIPT_SANDBOXING = YES;
				GCC_C_LANGUAGE_STANDARD = gnu17;
				GCC_NO_COMMON_BLOCKS = YES;
				GCC_WARN_64_TO_32_BIT_CONVERSION = YES;
				GCC_WARN_ABOUT_RETURN_TYPE = YES_ERROR;
				GCC_WARN_UNDECLARED_SELECTOR = YES;
				GCC_WARN_UNINITIALIZED_AUTOS = YES_AGGRESSIVE;
				GCC_WARN_UNUSED_FUNCTION = YES;
				GCC_WARN_UNUSED_VARIABLE = YES;
				IPHONEOS_DEPLOYMENT_TARGET = 17.5;
				LOCALIZATION_PREFERS_STRING_CATALOGS = YES;
				MTL_ENABLE_DEBUG_INFO = NO;
				MTL_FAST_MATH = YES;
				SDKROOT = iphoneos;
				SWIFT_COMPILATION_MODE = wholemodule;
				VALIDATE_PRODUCT = YES;
			};
			name = Release;
		};
		0872A6AD2CA309C7009814A5 /* Debug */ = {
			isa = XCBuildConfiguration;
			buildSettings = {
				ASSETCATALOG_COMPILER_APPICON_NAME = AppIcon;
				ASSETCATALOG_COMPILER_GLOBAL_ACCENT_COLOR_NAME = AccentColor;
				CODE_SIGN_STYLE = Automatic;
				CURRENT_PROJECT_VERSION = 1;
				DEVELOPMENT_ASSET_PATHS = "\"Second-Helping/Preview Content\"";
				DEVELOPMENT_TEAM = 4W98FQRQBX;
				ENABLE_PREVIEWS = YES;
				GENERATE_INFOPLIST_FILE = YES;
				INFOPLIST_FILE = "Second-Helping/Info.plist";
				INFOPLIST_KEY_NSLocationWhenInUseUsageDescription = "";
				INFOPLIST_KEY_UIApplicationSceneManifest_Generation = YES;
				INFOPLIST_KEY_UIApplicationSupportsIndirectInputEvents = YES;
				INFOPLIST_KEY_UILaunchScreen_Generation = YES;
				INFOPLIST_KEY_UISupportedInterfaceOrientations_iPad = "UIInterfaceOrientationPortrait UIInterfaceOrientationPortraitUpsideDown UIInterfaceOrientationLandscapeLeft UIInterfaceOrientationLandscapeRight";
				INFOPLIST_KEY_UISupportedInterfaceOrientations_iPhone = "UIInterfaceOrientationPortrait UIInterfaceOrientationLandscapeLeft UIInterfaceOrientationLandscapeRight";
				INFOPLIST_KEY_UIUserInterfaceStyle = Light;
				LD_RUNPATH_SEARCH_PATHS = (
					"$(inherited)",
					"@executable_path/Frameworks",
				);
				MARKETING_VERSION = 1.0;
				PRODUCT_BUNDLE_IDENTIFIER = "com.example.n8blanchard1.Second-Helping";
				PRODUCT_NAME = "Second Helping";
				SWIFT_EMIT_LOC_STRINGS = YES;
				SWIFT_VERSION = 5.0;
				TARGETED_DEVICE_FAMILY = "1,2";
			};
			name = Debug;
		};
		0872A6AE2CA309C7009814A5 /* Release */ = {
			isa = XCBuildConfiguration;
			buildSettings = {
				ASSETCATALOG_COMPILER_APPICON_NAME = AppIcon;
				ASSETCATALOG_COMPILER_GLOBAL_ACCENT_COLOR_NAME = AccentColor;
				CODE_SIGN_STYLE = Automatic;
				CURRENT_PROJECT_VERSION = 1;
				DEVELOPMENT_ASSET_PATHS = "\"Second-Helping/Preview Content\"";
				DEVELOPMENT_TEAM = 4W98FQRQBX;
				ENABLE_PREVIEWS = YES;
				GENERATE_INFOPLIST_FILE = YES;
				INFOPLIST_FILE = "Second-Helping/Info.plist";
				INFOPLIST_KEY_NSLocationWhenInUseUsageDescription = "";
				INFOPLIST_KEY_UIApplicationSceneManifest_Generation = YES;
				INFOPLIST_KEY_UIApplicationSupportsIndirectInputEvents = YES;
				INFOPLIST_KEY_UILaunchScreen_Generation = YES;
				INFOPLIST_KEY_UISupportedInterfaceOrientations_iPad = "UIInterfaceOrientationPortrait UIInterfaceOrientationPortraitUpsideDown UIInterfaceOrientationLandscapeLeft UIInterfaceOrientationLandscapeRight";
				INFOPLIST_KEY_UISupportedInterfaceOrientations_iPhone = "UIInterfaceOrientationPortrait UIInterfaceOrientationLandscapeLeft UIInterfaceOrientationLandscapeRight";
				INFOPLIST_KEY_UIUserInterfaceStyle = Light;
				LD_RUNPATH_SEARCH_PATHS = (
					"$(inherited)",
					"@executable_path/Frameworks",
				);
				MARKETING_VERSION = 1.0;
				PRODUCT_BUNDLE_IDENTIFIER = "com.example.n8blanchard1.Second-Helping";
				PRODUCT_NAME = "Second Helping";
				SWIFT_EMIT_LOC_STRINGS = YES;
				SWIFT_VERSION = 5.0;
				TARGETED_DEVICE_FAMILY = "1,2";
			};
			name = Release;
		};
		0872A6B02CA309C7009814A5 /* Debug */ = {
			isa = XCBuildConfiguration;
			buildSettings = {
				ALWAYS_EMBED_SWIFT_STANDARD_LIBRARIES = YES;
				BUNDLE_LOADER = "$(TEST_HOST)";
				CODE_SIGN_STYLE = Automatic;
				CURRENT_PROJECT_VERSION = 1;
				DEVELOPMENT_TEAM = 4W98FQRQBX;
				GENERATE_INFOPLIST_FILE = YES;
				IPHONEOS_DEPLOYMENT_TARGET = 17.5;
				MARKETING_VERSION = 1.0;
				PRODUCT_BUNDLE_IDENTIFIER = "com.example.n8blanchard1.Second-HelpingTests";
				PRODUCT_NAME = "$(TARGET_NAME)";
				SWIFT_EMIT_LOC_STRINGS = NO;
				SWIFT_VERSION = 5.0;
				TARGETED_DEVICE_FAMILY = "1,2";
				TEST_HOST = "$(BUILT_PRODUCTS_DIR)/Second-Helping.app/$(BUNDLE_EXECUTABLE_FOLDER_PATH)/Second-Helping";
			};
			name = Debug;
		};
		0872A6B12CA309C7009814A5 /* Release */ = {
			isa = XCBuildConfiguration;
			buildSettings = {
				ALWAYS_EMBED_SWIFT_STANDARD_LIBRARIES = YES;
				BUNDLE_LOADER = "$(TEST_HOST)";
				CODE_SIGN_STYLE = Automatic;
				CURRENT_PROJECT_VERSION = 1;
				DEVELOPMENT_TEAM = 4W98FQRQBX;
				GENERATE_INFOPLIST_FILE = YES;
				IPHONEOS_DEPLOYMENT_TARGET = 17.5;
				MARKETING_VERSION = 1.0;
				PRODUCT_BUNDLE_IDENTIFIER = "com.example.n8blanchard1.Second-HelpingTests";
				PRODUCT_NAME = "$(TARGET_NAME)";
				SWIFT_EMIT_LOC_STRINGS = NO;
				SWIFT_VERSION = 5.0;
				TARGETED_DEVICE_FAMILY = "1,2";
				TEST_HOST = "$(BUILT_PRODUCTS_DIR)/Second-Helping.app/$(BUNDLE_EXECUTABLE_FOLDER_PATH)/Second-Helping";
			};
			name = Release;
		};
		0872A6B32CA309C7009814A5 /* Debug */ = {
			isa = XCBuildConfiguration;
			buildSettings = {
				ALWAYS_EMBED_SWIFT_STANDARD_LIBRARIES = YES;
				CODE_SIGN_STYLE = Automatic;
				CURRENT_PROJECT_VERSION = 1;
				DEVELOPMENT_TEAM = 4W98FQRQBX;
				GENERATE_INFOPLIST_FILE = YES;
				MARKETING_VERSION = 1.0;
				PRODUCT_BUNDLE_IDENTIFIER = "com.example.n8blanchard1.Second-HelpingUITests";
				PRODUCT_NAME = "$(TARGET_NAME)";
				SWIFT_EMIT_LOC_STRINGS = NO;
				SWIFT_VERSION = 5.0;
				TARGETED_DEVICE_FAMILY = "1,2";
				TEST_TARGET_NAME = "Second-Helping";
			};
			name = Debug;
		};
		0872A6B42CA309C7009814A5 /* Release */ = {
			isa = XCBuildConfiguration;
			buildSettings = {
				ALWAYS_EMBED_SWIFT_STANDARD_LIBRARIES = YES;
				CODE_SIGN_STYLE = Automatic;
				CURRENT_PROJECT_VERSION = 1;
				DEVELOPMENT_TEAM = 4W98FQRQBX;
				GENERATE_INFOPLIST_FILE = YES;
				MARKETING_VERSION = 1.0;
				PRODUCT_BUNDLE_IDENTIFIER = "com.example.n8blanchard1.Second-HelpingUITests";
				PRODUCT_NAME = "$(TARGET_NAME)";
				SWIFT_EMIT_LOC_STRINGS = NO;
				SWIFT_VERSION = 5.0;
				TARGETED_DEVICE_FAMILY = "1,2";
				TEST_TARGET_NAME = "Second-Helping";
			};
			name = Release;
		};
/* End XCBuildConfiguration section */

/* Begin XCConfigurationList section */
		0872A6832CA309C4009814A5 /* Build configuration list for PBXProject "Second-Helping" */ = {
			isa = XCConfigurationList;
			buildConfigurations = (
				0872A6AA2CA309C7009814A5 /* Debug */,
				0872A6AB2CA309C7009814A5 /* Release */,
			);
			defaultConfigurationIsVisible = 0;
			defaultConfigurationName = Release;
		};
		0872A6AC2CA309C7009814A5 /* Build configuration list for PBXNativeTarget "Second-Helping" */ = {
			isa = XCConfigurationList;
			buildConfigurations = (
				0872A6AD2CA309C7009814A5 /* Debug */,
				0872A6AE2CA309C7009814A5 /* Release */,
			);
			defaultConfigurationIsVisible = 0;
			defaultConfigurationName = Release;
		};
		0872A6AF2CA309C7009814A5 /* Build configuration list for PBXNativeTarget "Second-HelpingTests" */ = {
			isa = XCConfigurationList;
			buildConfigurations = (
				0872A6B02CA309C7009814A5 /* Debug */,
				0872A6B12CA309C7009814A5 /* Release */,
			);
			defaultConfigurationIsVisible = 0;
			defaultConfigurationName = Release;
		};
		0872A6B22CA309C7009814A5 /* Build configuration list for PBXNativeTarget "Second-HelpingUITests" */ = {
			isa = XCConfigurationList;
			buildConfigurations = (
				0872A6B32CA309C7009814A5 /* Debug */,
				0872A6B42CA309C7009814A5 /* Release */,
			);
			defaultConfigurationIsVisible = 0;
			defaultConfigurationName = Release;
		};
/* End XCConfigurationList section */

/* Begin XCRemoteSwiftPackageReference section */
		56A600482CAEE5D3008BE4BC /* XCRemoteSwiftPackageReference "firebase-ios-sdk" */ = {
			isa = XCRemoteSwiftPackageReference;
			repositoryURL = "https://github.com/firebase/firebase-ios-sdk";
			requirement = {
				kind = upToNextMajorVersion;
				minimumVersion = 11.3.0;
			};
		};
/* End XCRemoteSwiftPackageReference section */

/* Begin XCSwiftPackageProductDependency section */
		56A600492CAEE5D3008BE4BC /* FirebaseAnalytics */ = {
			isa = XCSwiftPackageProductDependency;
			package = 56A600482CAEE5D3008BE4BC /* XCRemoteSwiftPackageReference "firebase-ios-sdk" */;
			productName = FirebaseAnalytics;
		};
		56A6004B2CAEE5D3008BE4BC /* FirebaseAuth */ = {
			isa = XCSwiftPackageProductDependency;
			package = 56A600482CAEE5D3008BE4BC /* XCRemoteSwiftPackageReference "firebase-ios-sdk" */;
			productName = FirebaseAuth;
		};
		56A6004D2CAEE5D3008BE4BC /* FirebaseCore */ = {
			isa = XCSwiftPackageProductDependency;
			package = 56A600482CAEE5D3008BE4BC /* XCRemoteSwiftPackageReference "firebase-ios-sdk" */;
			productName = FirebaseCore;
		};
		56A6004F2CAEE5D3008BE4BC /* FirebaseDatabase */ = {
			isa = XCSwiftPackageProductDependency;
			package = 56A600482CAEE5D3008BE4BC /* XCRemoteSwiftPackageReference "firebase-ios-sdk" */;
			productName = FirebaseDatabase;
		};
		56A600512CAEE5D3008BE4BC /* FirebaseFirestore */ = {
			isa = XCSwiftPackageProductDependency;
			package = 56A600482CAEE5D3008BE4BC /* XCRemoteSwiftPackageReference "firebase-ios-sdk" */;
			productName = FirebaseFirestore;
		};
		56A600532CAEE5D3008BE4BC /* FirebaseFunctions */ = {
			isa = XCSwiftPackageProductDependency;
			package = 56A600482CAEE5D3008BE4BC /* XCRemoteSwiftPackageReference "firebase-ios-sdk" */;
			productName = FirebaseFunctions;
		};
		56A600552CAEE5D3008BE4BC /* FirebaseMessaging */ = {
			isa = XCSwiftPackageProductDependency;
			package = 56A600482CAEE5D3008BE4BC /* XCRemoteSwiftPackageReference "firebase-ios-sdk" */;
			productName = FirebaseMessaging;
		};
		56A600572CAEE5D3008BE4BC /* FirebaseStorage */ = {
			isa = XCSwiftPackageProductDependency;
			package = 56A600482CAEE5D3008BE4BC /* XCRemoteSwiftPackageReference "firebase-ios-sdk" */;
			productName = FirebaseStorage;
		};
		DDFC707D2CAF6048007A506A /* FirebaseAuth */ = {
			isa = XCSwiftPackageProductDependency;
			package = 56A600482CAEE5D3008BE4BC /* XCRemoteSwiftPackageReference "firebase-ios-sdk" */;
			productName = FirebaseAuth;
		};
		DDFC707F2CAF6048007A506A /* FirebaseFirestore */ = {
			isa = XCSwiftPackageProductDependency;
			package = 56A600482CAEE5D3008BE4BC /* XCRemoteSwiftPackageReference "firebase-ios-sdk" */;
			productName = FirebaseFirestore;
		};
/* End XCSwiftPackageProductDependency section */
	};
	rootObject = 0872A6802CA309C4009814A5 /* Project object */;
}
